// !$*UTF8*$!
{
	archiveVersion = 1;
	classes = {
	};
	objectVersion = 50;
	objects = {

/* Begin PBXBuildFile section */
		AA46EBF22090E94A00EA7FFD /* AppDelegate.m in Sources */ = {isa = PBXBuildFile; fileRef = AA46EBF12090E94A00EA7FFD /* AppDelegate.m */; };
		AA46EBF52090E94A00EA7FFD /* ViewController.m in Sources */ = {isa = PBXBuildFile; fileRef = AA46EBF42090E94A00EA7FFD /* ViewController.m */; };
		AA46EBF82090E94A00EA7FFD /* Main.storyboard in Resources */ = {isa = PBXBuildFile; fileRef = AA46EBF62090E94A00EA7FFD /* Main.storyboard */; };
		AA46EBFA2090E94C00EA7FFD /* Assets.xcassets in Resources */ = {isa = PBXBuildFile; fileRef = AA46EBF92090E94C00EA7FFD /* Assets.xcassets */; };
		AA46EBFD2090E94C00EA7FFD /* LaunchScreen.storyboard in Resources */ = {isa = PBXBuildFile; fileRef = AA46EBFB2090E94C00EA7FFD /* LaunchScreen.storyboard */; };
		AA46EC002090E94C00EA7FFD /* main.m in Sources */ = {isa = PBXBuildFile; fileRef = AA46EBFF2090E94C00EA7FFD /* main.m */; };
		AA46EC0A2090E94C00EA7FFD /* MapPruebaOSTests.m in Sources */ = {isa = PBXBuildFile; fileRef = AA46EC092090E94C00EA7FFD /* MapPruebaOSTests.m */; };
		AA46EC152090E94C00EA7FFD /* MapPruebaOSUITests.m in Sources */ = {isa = PBXBuildFile; fileRef = AA46EC142090E94C00EA7FFD /* MapPruebaOSUITests.m */; };
		AA46EC242090E96000EA7FFD /* MapKit.framework in Frameworks */ = {isa = PBXBuildFile; fileRef = AA46EC232090E96000EA7FFD /* MapKit.framework */; };
/* End PBXBuildFile section */

/* Begin PBXContainerItemProxy section */
		AA46EC062090E94C00EA7FFD /* PBXContainerItemProxy */ = {
			isa = PBXContainerItemProxy;
			containerPortal = AA46EBE52090E94A00EA7FFD /* Project object */;
			proxyType = 1;
			remoteGlobalIDString = AA46EBEC2090E94A00EA7FFD;
			remoteInfo = MapPruebaOS;
		};
		AA46EC112090E94C00EA7FFD /* PBXContainerItemProxy */ = {
			isa = PBXContainerItemProxy;
			containerPortal = AA46EBE52090E94A00EA7FFD /* Project object */;
			proxyType = 1;
			remoteGlobalIDString = AA46EBEC2090E94A00EA7FFD;
			remoteInfo = MapPruebaOS;
		};
/* End PBXContainerItemProxy section */

/* Begin PBXFileReference section */
		AA46EBED2090E94A00EA7FFD /* MapPruebaOS.app */ = {isa = PBXFileReference; explicitFileType = wrapper.application; includeInIndex = 0; path = MapPruebaOS.app; sourceTree = BUILT_PRODUCTS_DIR; };
		AA46EBF02090E94A00EA7FFD /* AppDelegate.h */ = {isa = PBXFileReference; lastKnownFileType = sourcecode.c.h; path = AppDelegate.h; sourceTree = "<group>"; };
		AA46EBF12090E94A00EA7FFD /* AppDelegate.m */ = {isa = PBXFileReference; lastKnownFileType = sourcecode.c.objc; path = AppDelegate.m; sourceTree = "<group>"; };
		AA46EBF32090E94A00EA7FFD /* ViewController.h */ = {isa = PBXFileReference; lastKnownFileType = sourcecode.c.h; path = ViewController.h; sourceTree = "<group>"; };
		AA46EBF42090E94A00EA7FFD /* ViewController.m */ = {isa = PBXFileReference; lastKnownFileType = sourcecode.c.objc; path = ViewController.m; sourceTree = "<group>"; };
		AA46EBF72090E94A00EA7FFD /* Base */ = {isa = PBXFileReference; lastKnownFileType = file.storyboard; name = Base; path = Base.lproj/Main.storyboard; sourceTree = "<group>"; };
		AA46EBF92090E94C00EA7FFD /* Assets.xcassets */ = {isa = PBXFileReference; lastKnownFileType = folder.assetcatalog; path = Assets.xcassets; sourceTree = "<group>"; };
		AA46EBFC2090E94C00EA7FFD /* Base */ = {isa = PBXFileReference; lastKnownFileType = file.storyboard; name = Base; path = Base.lproj/LaunchScreen.storyboard; sourceTree = "<group>"; };
		AA46EBFE2090E94C00EA7FFD /* Info.plist */ = {isa = PBXFileReference; lastKnownFileType = text.plist.xml; path = Info.plist; sourceTree = "<group>"; };
		AA46EBFF2090E94C00EA7FFD /* main.m */ = {isa = PBXFileReference; lastKnownFileType = sourcecode.c.objc; path = main.m; sourceTree = "<group>"; };
		AA46EC052090E94C00EA7FFD /* MapPruebaOSTests.xctest */ = {isa = PBXFileReference; explicitFileType = wrapper.cfbundle; includeInIndex = 0; path = MapPruebaOSTests.xctest; sourceTree = BUILT_PRODUCTS_DIR; };
		AA46EC092090E94C00EA7FFD /* MapPruebaOSTests.m */ = {isa = PBXFileReference; lastKnownFileType = sourcecode.c.objc; path = MapPruebaOSTests.m; sourceTree = "<group>"; };
		AA46EC0B2090E94C00EA7FFD /* Info.plist */ = {isa = PBXFileReference; lastKnownFileType = text.plist.xml; path = Info.plist; sourceTree = "<group>"; };
		AA46EC102090E94C00EA7FFD /* MapPruebaOSUITests.xctest */ = {isa = PBXFileReference; explicitFileType = wrapper.cfbundle; includeInIndex = 0; path = MapPruebaOSUITests.xctest; sourceTree = BUILT_PRODUCTS_DIR; };
		AA46EC142090E94C00EA7FFD /* MapPruebaOSUITests.m */ = {isa = PBXFileReference; lastKnownFileType = sourcecode.c.objc; path = MapPruebaOSUITests.m; sourceTree = "<group>"; };
		AA46EC162090E94C00EA7FFD /* Info.plist */ = {isa = PBXFileReference; lastKnownFileType = text.plist.xml; path = Info.plist; sourceTree = "<group>"; };
		AA46EC232090E96000EA7FFD /* MapKit.framework */ = {isa = PBXFileReference; lastKnownFileType = wrapper.framework; name = MapKit.framework; path = System/Library/Frameworks/MapKit.framework; sourceTree = SDKROOT; };
/* End PBXFileReference section */

/* Begin PBXFrameworksBuildPhase section */
		AA46EBEA2090E94A00EA7FFD /* Frameworks */ = {
			isa = PBXFrameworksBuildPhase;
			buildActionMask = 2147483647;
			files = (
				AA46EC242090E96000EA7FFD /* MapKit.framework in Frameworks */,
			);
			runOnlyForDeploymentPostprocessing = 0;
		};
		AA46EC022090E94C00EA7FFD /* Frameworks */ = {
			isa = PBXFrameworksBuildPhase;
			buildActionMask = 2147483647;
			files = (
			);
			runOnlyForDeploymentPostprocessing = 0;
		};
		AA46EC0D2090E94C00EA7FFD /* Frameworks */ = {
			isa = PBXFrameworksBuildPhase;
			buildActionMask = 2147483647;
			files = (
			);
			runOnlyForDeploymentPostprocessing = 0;
		};
/* End PBXFrameworksBuildPhase section */

/* Begin PBXGroup section */
		AA46EBE42090E94A00EA7FFD = {
			isa = PBXGroup;
			children = (
				AA46EBEF2090E94A00EA7FFD /* MapPruebaOS */,
				AA46EC082090E94C00EA7FFD /* MapPruebaOSTests */,
				AA46EC132090E94C00EA7FFD /* MapPruebaOSUITests */,
				AA46EBEE2090E94A00EA7FFD /* Products */,
				AA46EC222090E95F00EA7FFD /* Frameworks */,
			);
			sourceTree = "<group>";
		};
		AA46EBEE2090E94A00EA7FFD /* Products */ = {
			isa = PBXGroup;
			children = (
				AA46EBED2090E94A00EA7FFD /* MapPruebaOS.app */,
				AA46EC052090E94C00EA7FFD /* MapPruebaOSTests.xctest */,
				AA46EC102090E94C00EA7FFD /* MapPruebaOSUITests.xctest */,
			);
			name = Products;
			sourceTree = "<group>";
		};
		AA46EBEF2090E94A00EA7FFD /* MapPruebaOS */ = {
			isa = PBXGroup;
			children = (
				AA46EBF02090E94A00EA7FFD /* AppDelegate.h */,
				AA46EBF12090E94A00EA7FFD /* AppDelegate.m */,
				AA46EBF32090E94A00EA7FFD /* ViewController.h */,
				AA46EBF42090E94A00EA7FFD /* ViewController.m */,
				AA46EBF62090E94A00EA7FFD /* Main.storyboard */,
				AA46EBF92090E94C00EA7FFD /* Assets.xcassets */,
				AA46EBFB2090E94C00EA7FFD /* LaunchScreen.storyboard */,
				AA46EBFE2090E94C00EA7FFD /* Info.plist */,
				AA46EBFF2090E94C00EA7FFD /* main.m */,
			);
			path = MapPruebaOS;
			sourceTree = "<group>";
		};
		AA46EC082090E94C00EA7FFD /* MapPruebaOSTests */ = {
			isa = PBXGroup;
			children = (
				AA46EC092090E94C00EA7FFD /* MapPruebaOSTests.m */,
				AA46EC0B2090E94C00EA7FFD /* Info.plist */,
			);
			path = MapPruebaOSTests;
			sourceTree = "<group>";
		};
		AA46EC132090E94C00EA7FFD /* MapPruebaOSUITests */ = {
			isa = PBXGroup;
			children = (
				AA46EC142090E94C00EA7FFD /* MapPruebaOSUITests.m */,
				AA46EC162090E94C00EA7FFD /* Info.plist */,
			);
			path = MapPruebaOSUITests;
			sourceTree = "<group>";
		};
		AA46EC222090E95F00EA7FFD /* Frameworks */ = {
			isa = PBXGroup;
			children = (
				AA46EC232090E96000EA7FFD /* MapKit.framework */,
			);
			name = Frameworks;
			sourceTree = "<group>";
		};
/* End PBXGroup section */

/* Begin PBXNativeTarget section */
		AA46EBEC2090E94A00EA7FFD /* MapPruebaOS */ = {
			isa = PBXNativeTarget;
			buildConfigurationList = AA46EC192090E94C00EA7FFD /* Build configuration list for PBXNativeTarget "MapPruebaOS" */;
			buildPhases = (
				AA46EBE92090E94A00EA7FFD /* Sources */,
				AA46EBEA2090E94A00EA7FFD /* Frameworks */,
				AA46EBEB2090E94A00EA7FFD /* Resources */,
			);
			buildRules = (
			);
			dependencies = (
			);
			name = MapPruebaOS;
			productName = MapPruebaOS;
			productReference = AA46EBED2090E94A00EA7FFD /* MapPruebaOS.app */;
			productType = "com.apple.product-type.application";
		};
		AA46EC042090E94C00EA7FFD /* MapPruebaOSTests */ = {
			isa = PBXNativeTarget;
			buildConfigurationList = AA46EC1C2090E94C00EA7FFD /* Build configuration list for PBXNativeTarget "MapPruebaOSTests" */;
			buildPhases = (
				AA46EC012090E94C00EA7FFD /* Sources */,
				AA46EC022090E94C00EA7FFD /* Frameworks */,
				AA46EC032090E94C00EA7FFD /* Resources */,
			);
			buildRules = (
			);
			dependencies = (
				AA46EC072090E94C00EA7FFD /* PBXTargetDependency */,
			);
			name = MapPruebaOSTests;
			productName = MapPruebaOSTests;
			productReference = AA46EC052090E94C00EA7FFD /* MapPruebaOSTests.xctest */;
			productType = "com.apple.product-type.bundle.unit-test";
		};
		AA46EC0F2090E94C00EA7FFD /* MapPruebaOSUITests */ = {
			isa = PBXNativeTarget;
			buildConfigurationList = AA46EC1F2090E94C00EA7FFD /* Build configuration list for PBXNativeTarget "MapPruebaOSUITests" */;
			buildPhases = (
				AA46EC0C2090E94C00EA7FFD /* Sources */,
				AA46EC0D2090E94C00EA7FFD /* Frameworks */,
				AA46EC0E2090E94C00EA7FFD /* Resources */,
			);
			buildRules = (
			);
			dependencies = (
				AA46EC122090E94C00EA7FFD /* PBXTargetDependency */,
			);
			name = MapPruebaOSUITests;
			productName = MapPruebaOSUITests;
			productReference = AA46EC102090E94C00EA7FFD /* MapPruebaOSUITests.xctest */;
			productType = "com.apple.product-type.bundle.ui-testing";
		};
/* End PBXNativeTarget section */

/* Begin PBXProject section */
		AA46EBE52090E94A00EA7FFD /* Project object */ = {
			isa = PBXProject;
			attributes = {
				LastUpgradeCheck = 0930;
				ORGANIZATIONNAME = user138066;
				TargetAttributes = {
					AA46EBEC2090E94A00EA7FFD = {
						CreatedOnToolsVersion = 9.3;
					};
					AA46EC042090E94C00EA7FFD = {
						CreatedOnToolsVersion = 9.3;
						TestTargetID = AA46EBEC2090E94A00EA7FFD;
					};
					AA46EC0F2090E94C00EA7FFD = {
						CreatedOnToolsVersion = 9.3;
						TestTargetID = AA46EBEC2090E94A00EA7FFD;
					};
				};
			};
			buildConfigurationList = AA46EBE82090E94A00EA7FFD /* Build configuration list for PBXProject "MapPruebaOS" */;
			compatibilityVersion = "Xcode 9.3";
			developmentRegion = en;
			hasScannedForEncodings = 0;
			knownRegions = (
				en,
				Base,
			);
			mainGroup = AA46EBE42090E94A00EA7FFD;
			productRefGroup = AA46EBEE2090E94A00EA7FFD /* Products */;
			projectDirPath = "";
			projectRoot = "";
			targets = (
				AA46EBEC2090E94A00EA7FFD /* MapPruebaOS */,
				AA46EC042090E94C00EA7FFD /* MapPruebaOSTests */,
				AA46EC0F2090E94C00EA7FFD /* MapPruebaOSUITests */,
			);
		};
/* End PBXProject section */

/* Begin PBXResourcesBuildPhase section */
		AA46EBEB2090E94A00EA7FFD /* Resources */ = {
			isa = PBXResourcesBuildPhase;
			buildActionMask = 2147483647;
			files = (
				AA46EBFD2090E94C00EA7FFD /* LaunchScreen.storyboard in Resources */,
				AA46EBFA2090E94C00EA7FFD /* Assets.xcassets in Resources */,
				AA46EBF82090E94A00EA7FFD /* Main.storyboard in Resources */,
			);
			runOnlyForDeploymentPostprocessing = 0;
		};
		AA46EC032090E94C00EA7FFD /* Resources */ = {
			isa = PBXResourcesBuildPhase;
			buildActionMask = 2147483647;
			files = (
			);
			runOnlyForDeploymentPostprocessing = 0;
		};
		AA46EC0E2090E94C00EA7FFD /* Resources */ = {
			isa = PBXResourcesBuildPhase;
			buildActionMask = 2147483647;
			files = (
			);
			runOnlyForDeploymentPostprocessing = 0;
		};
/* End PBXResourcesBuildPhase section */

/* Begin PBXSourcesBuildPhase section */
		AA46EBE92090E94A00EA7FFD /* Sources */ = {
			isa = PBXSourcesBuildPhase;
			buildActionMask = 2147483647;
			files = (
				AA46EBF52090E94A00EA7FFD /* ViewController.m in Sources */,
				AA46EC002090E94C00EA7FFD /* main.m in Sources */,
				AA46EBF22090E94A00EA7FFD /* AppDelegate.m in Sources */,
			);
			runOnlyForDeploymentPostprocessing = 0;
		};
		AA46EC012090E94C00EA7FFD /* Sources */ = {
			isa = PBXSourcesBuildPhase;
			buildActionMask = 2147483647;
			files = (
				AA46EC0A2090E94C00EA7FFD /* MapPruebaOSTests.m in Sources */,
			);
			runOnlyForDeploymentPostprocessing = 0;
		};
		AA46EC0C2090E94C00EA7FFD /* Sources */ = {
			isa = PBXSourcesBuildPhase;
			buildActionMask = 2147483647;
			files = (
				AA46EC152090E94C00EA7FFD /* MapPruebaOSUITests.m in Sources */,
			);
			runOnlyForDeploymentPostprocessing = 0;
		};
/* End PBXSourcesBuildPhase section */

/* Begin PBXTargetDependency section */
		AA46EC072090E94C00EA7FFD /* PBXTargetDependency */ = {
			isa = PBXTargetDependency;
			target = AA46EBEC2090E94A00EA7FFD /* MapPruebaOS */;
			targetProxy = AA46EC062090E94C00EA7FFD /* PBXContainerItemProxy */;
		};
		AA46EC122090E94C00EA7FFD /* PBXTargetDependency */ = {
			isa = PBXTargetDependency;
			target = AA46EBEC2090E94A00EA7FFD /* MapPruebaOS */;
			targetProxy = AA46EC112090E94C00EA7FFD /* PBXContainerItemProxy */;
		};
/* End PBXTargetDependency section */

/* Begin PBXVariantGroup section */
		AA46EBF62090E94A00EA7FFD /* Main.storyboard */ = {
			isa = PBXVariantGroup;
			children = (
				AA46EBF72090E94A00EA7FFD /* Base */,
			);
			name = Main.storyboard;
			sourceTree = "<group>";
		};
		AA46EBFB2090E94C00EA7FFD /* LaunchScreen.storyboard */ = {
			isa = PBXVariantGroup;
			children = (
				AA46EBFC2090E94C00EA7FFD /* Base */,
			);
			name = LaunchScreen.storyboard;
			sourceTree = "<group>";
		};
/* End PBXVariantGroup section */

/* Begin XCBuildConfiguration section */
		AA46EC172090E94C00EA7FFD /* Debug */ = {
			isa = XCBuildConfiguration;
			buildSettings = {
				ALWAYS_SEARCH_USER_PATHS = NO;
				CLANG_ANALYZER_NONNULL = YES;
				CLANG_ANALYZER_NUMBER_OBJECT_CONVERSION = YES_AGGRESSIVE;
				CLANG_CXX_LANGUAGE_STANDARD = "gnu++14";
				CLANG_CXX_LIBRARY = "libc++";
				CLANG_ENABLE_MODULES = YES;
				CLANG_ENABLE_OBJC_ARC = YES;
				CLANG_ENABLE_OBJC_WEAK = YES;
				CLANG_WARN_BLOCK_CAPTURE_AUTORELEASING = YES;
				CLANG_WARN_BOOL_CONVERSION = YES;
				CLANG_WARN_COMMA = YES;
				CLANG_WARN_CONSTANT_CONVERSION = YES;
				CLANG_WARN_DEPRECATED_OBJC_IMPLEMENTATIONS = YES;
				CLANG_WARN_DIRECT_OBJC_ISA_USAGE = YES_ERROR;
				CLANG_WARN_DOCUMENTATION_COMMENTS = YES;
				CLANG_WARN_EMPTY_BODY = YES;
				CLANG_WARN_ENUM_CONVERSION = YES;
				CLANG_WARN_INFINITE_RECURSION = YES;
				CLANG_WARN_INT_CONVERSION = YES;
				CLANG_WARN_NON_LITERAL_NULL_CONVERSION = YES;
				CLANG_WARN_OBJC_IMPLICIT_RETAIN_SELF = YES;
				CLANG_WARN_OBJC_LITERAL_CONVERSION = YES;
				CLANG_WARN_OBJC_ROOT_CLASS = YES_ERROR;
				CLANG_WARN_RANGE_LOOP_ANALYSIS = YES;
				CLANG_WARN_STRICT_PROTOTYPES = YES;
				CLANG_WARN_SUSPICIOUS_MOVE = YES;
				CLANG_WARN_UNGUARDED_AVAILABILITY = YES_AGGRESSIVE;
				CLANG_WARN_UNREACHABLE_CODE = YES;
				CLANG_WARN__DUPLICATE_METHOD_MATCH = YES;
				CODE_SIGN_IDENTITY = "iPhone Developer";
				COPY_PHASE_STRIP = NO;
				DEBUG_INFORMATION_FORMAT = dwarf;
				ENABLE_STRICT_OBJC_MSGSEND = YES;
				ENABLE_TESTABILITY = YES;
				GCC_C_LANGUAGE_STANDARD = gnu11;
				GCC_DYNAMIC_NO_PIC = NO;
				GCC_NO_COMMON_BLOCKS = YES;
				GCC_OPTIMIZATION_LEVEL = 0;
				GCC_PREPROCESSOR_DEFINITIONS = (
					"DEBUG=1",
					"$(inherited)",
				);
				GCC_WARN_64_TO_32_BIT_CONVERSION = YES;
				GCC_WARN_ABOUT_RETURN_TYPE = YES_ERROR;
				GCC_WARN_UNDECLARED_SELECTOR = YES;
				GCC_WARN_UNINITIALIZED_AUTOS = YES_AGGRESSIVE;
				GCC_WARN_UNUSED_FUNCTION = YES;
				GCC_WARN_UNUSED_VARIABLE = YES;
				IPHONEOS_DEPLOYMENT_TARGET = 11.3;
				MTL_ENABLE_DEBUG_INFO = YES;
				ONLY_ACTIVE_ARCH = YES;
				SDKROOT = iphoneos;
			};
			name = Debug;
		};
		AA46EC182090E94C00EA7FFD /* Release */ = {
			isa = XCBuildConfiguration;
			buildSettings = {
				ALWAYS_SEARCH_USER_PATHS = NO;
				CLANG_ANALYZER_NONNULL = YES;
				CLANG_ANALYZER_NUMBER_OBJECT_CONVERSION = YES_AGGRESSIVE;
				CLANG_CXX_LANGUAGE_STANDARD = "gnu++14";
				CLANG_CXX_LIBRARY = "libc++";
				CLANG_ENABLE_MODULES = YES;
				CLANG_ENABLE_OBJC_ARC = YES;
				CLANG_ENABLE_OBJC_WEAK = YES;
				CLANG_WARN_BLOCK_CAPTURE_AUTORELEASING = YES;
				CLANG_WARN_BOOL_CONVERSION = YES;
				CLANG_WARN_COMMA = YES;
				CLANG_WARN_CONSTANT_CONVERSION = YES;
				CLANG_WARN_DEPRECATED_OBJC_IMPLEMENTATIONS = YES;
				CLANG_WARN_DIRECT_OBJC_ISA_USAGE = YES_ERROR;
				CLANG_WARN_DOCUMENTATION_COMMENTS = YES;
				CLANG_WARN_EMPTY_BODY = YES;
				CLANG_WARN_ENUM_CONVERSION = YES;
				CLANG_WARN_INFINITE_RECURSION = YES;
				CLANG_WARN_INT_CONVERSION = YES;
				CLANG_WARN_NON_LITERAL_NULL_CONVERSION = YES;
				CLANG_WARN_OBJC_IMPLICIT_RETAIN_SELF = YES;
				CLANG_WARN_OBJC_LITERAL_CONVERSION = YES;
				CLANG_WARN_OBJC_ROOT_CLASS = YES_ERROR;
				CLANG_WARN_RANGE_LOOP_ANALYSIS = YES;
				CLANG_WARN_STRICT_PROTOTYPES = YES;
				CLANG_WARN_SUSPICIOUS_MOVE = YES;
				CLANG_WARN_UNGUARDED_AVAILABILITY = YES_AGGRESSIVE;
				CLANG_WARN_UNREACHABLE_CODE = YES;
				CLANG_WARN__DUPLICATE_METHOD_MATCH = YES;
				CODE_SIGN_IDENTITY = "iPhone Developer";
				COPY_PHASE_STRIP = NO;
				DEBUG_INFORMATION_FORMAT = "dwarf-with-dsym";
				ENABLE_NS_ASSERTIONS = NO;
				ENABLE_STRICT_OBJC_MSGSEND = YES;
				GCC_C_LANGUAGE_STANDARD = gnu11;
				GCC_NO_COMMON_BLOCKS = YES;
				GCC_WARN_64_TO_32_BIT_CONVERSION = YES;
				GCC_WARN_ABOUT_RETURN_TYPE = YES_ERROR;
				GCC_WARN_UNDECLARED_SELECTOR = YES;
				GCC_WARN_UNINITIALIZED_AUTOS = YES_AGGRESSIVE;
				GCC_WARN_UNUSED_FUNCTION = YES;
				GCC_WARN_UNUSED_VARIABLE = YES;
				IPHONEOS_DEPLOYMENT_TARGET = 11.3;
				MTL_ENABLE_DEBUG_INFO = NO;
				SDKROOT = iphoneos;
				VALIDATE_PRODUCT = YES;
			};
			name = Release;
		};
		AA46EC1A2090E94C00EA7FFD /* Debug */ = {
			isa = XCBuildConfiguration;
			buildSettings = {
				ASSETCATALOG_COMPILER_APPICON_NAME = AppIcon;
				CODE_SIGN_STYLE = Automatic;
				INFOPLIST_FILE = MapPruebaOS/Info.plist;
				LD_RUNPATH_SEARCH_PATHS = (
					"$(inherited)",
					"@executable_path/Frameworks",
				);
				PRODUCT_BUNDLE_IDENTIFIER = telefonica.MapPruebaOS;
				PRODUCT_NAME = "$(TARGET_NAME)";
				TARGETED_DEVICE_FAMILY = "1,2";
			};
			name = Debug;
		};
		AA46EC1B2090E94C00EA7FFD /* Release */ = {
			isa = XCBuildConfiguration;
			buildSettings = {
				ASSETCATALOG_COMPILER_APPICON_NAME = AppIcon;
				CODE_SIGN_STYLE = Automatic;
				INFOPLIST_FILE = MapPruebaOS/Info.plist;
				LD_RUNPATH_SEARCH_PATHS = (
					"$(inherited)",
					"@executable_path/Frameworks",
				);
				PRODUCT_BUNDLE_IDENTIFIER = telefonica.MapPruebaOS;
				PRODUCT_NAME = "$(TARGET_NAME)";
				TARGETED_DEVICE_FAMILY = "1,2";
			};
			name = Release;
		};
		AA46EC1D2090E94C00EA7FFD /* Debug */ = {
			isa = XCBuildConfiguration;
			buildSettings = {
				BUNDLE_LOADER = "$(TEST_HOST)";
				CODE_SIGN_STYLE = Automatic;
				INFOPLIST_FILE = MapPruebaOSTests/Info.plist;
				LD_RUNPATH_SEARCH_PATHS = (
					"$(inherited)",
					"@executable_path/Frameworks",
					"@loader_path/Frameworks",
				);
				PRODUCT_BUNDLE_IDENTIFIER = telefonica.MapPruebaOSTests;
				PRODUCT_NAME = "$(TARGET_NAME)";
				TARGETED_DEVICE_FAMILY = "1,2";
				TEST_HOST = "$(BUILT_PRODUCTS_DIR)/MapPruebaOS.app/MapPruebaOS";
			};
			name = Debug;
		};
		AA46EC1E2090E94C00EA7FFD /* Release */ = {
			isa = XCBuildConfiguration;
			buildSettings = {
				BUNDLE_LOADER = "$(TEST_HOST)";
				CODE_SIGN_STYLE = Automatic;
				INFOPLIST_FILE = MapPruebaOSTests/Info.plist;
				LD_RUNPATH_SEARCH_PATHS = (
					"$(inherited)",
					"@executable_path/Frameworks",
					"@loader_path/Frameworks",
				);
				PRODUCT_BUNDLE_IDENTIFIER = telefonica.MapPruebaOSTests;
				PRODUCT_NAME = "$(TARGET_NAME)";
				TARGETED_DEVICE_FAMILY = "1,2";
				TEST_HOST = "$(BUILT_PRODUCTS_DIR)/MapPruebaOS.app/MapPruebaOS";
			};
			name = Release;
		};
		AA46EC202090E94C00EA7FFD /* Debug */ = {
			isa = XCBuildConfiguration;
			buildSettings = {
				CODE_SIGN_STYLE = Automatic;
				INFOPLIST_FILE = MapPruebaOSUITests/Info.plist;
				LD_RUNPATH_SEARCH_PATHS = (
					"$(inherited)",
					"@executable_path/Frameworks",
					"@loader_path/Frameworks",
				);
				PRODUCT_BUNDLE_IDENTIFIER = telefonica.MapPruebaOSUITests;
				PRODUCT_NAME = "$(TARGET_NAME)";
				TARGETED_DEVICE_FAMILY = "1,2";
				TEST_TARGET_NAME = MapPruebaOS;
			};
			name = Debug;
		};
		AA46EC212090E94C00EA7FFD /* Release */ = {
			isa = XCBuildConfiguration;
			buildSettings = {
				CODE_SIGN_STYLE = Automatic;
				INFOPLIST_FILE = MapPruebaOSUITests/Info.plist;
				LD_RUNPATH_SEARCH_PATHS = (
					"$(inherited)",
					"@executable_path/Frameworks",
					"@loader_path/Frameworks",
				);
				PRODUCT_BUNDLE_IDENTIFIER = telefonica.MapPruebaOSUITests;
				PRODUCT_NAME = "$(TARGET_NAME)";
				TARGETED_DEVICE_FAMILY = "1,2";
				TEST_TARGET_NAME = MapPruebaOS;
			};
			name = Release;
		};
/* End XCBuildConfiguration section */

/* Begin XCConfigurationList section */
		AA46EBE82090E94A00EA7FFD /* Build configuration list for PBXProject "MapPruebaOS" */ = {
			isa = XCConfigurationList;
			buildConfigurations = (
				AA46EC172090E94C00EA7FFD /* Debug */,
				AA46EC182090E94C00EA7FFD /* Release */,
			);
			defaultConfigurationIsVisible = 0;
			defaultConfigurationName = Release;
		};
		AA46EC192090E94C00EA7FFD /* Build configuration list for PBXNativeTarget "MapPruebaOS" */ = {
			isa = XCConfigurationList;
			buildConfigurations = (
				AA46EC1A2090E94C00EA7FFD /* Debug */,
				AA46EC1B2090E94C00EA7FFD /* Release */,
			);
			defaultConfigurationIsVisible = 0;
			defaultConfigurationName = Release;
		};
		AA46EC1C2090E94C00EA7FFD /* Build configuration list for PBXNativeTarget "MapPruebaOSTests" */ = {
			isa = XCConfigurationList;
			buildConfigurations = (
				AA46EC1D2090E94C00EA7FFD /* Debug */,
				AA46EC1E2090E94C00EA7FFD /* Release */,
			);
			defaultConfigurationIsVisible = 0;
			defaultConfigurationName = Release;
		};
		AA46EC1F2090E94C00EA7FFD /* Build configuration list for PBXNativeTarget "MapPruebaOSUITests" */ = {
			isa = XCConfigurationList;
			buildConfigurations = (
				AA46EC202090E94C00EA7FFD /* Debug */,
				AA46EC212090E94C00EA7FFD /* Release */,
			);
			defaultConfigurationIsVisible = 0;
			defaultConfigurationName = Release;
		};
/* End XCConfigurationList section */
	};
	rootObject = AA46EBE52090E94A00EA7FFD /* Project object */;
}
